
Microsoft Visual Studio Solution File, Format Version 12.00
# Visual Studio 15
VisualStudioVersion = 15.0.27004.2009
MinimumVisualStudioVersion = 10.0.40219.1
Project("{9A19103F-16F7-4668-BE54-9A1E7A4F7556}") = "CalCalTracker.Domain", "CalCalTracker.Domain\CalCalTracker.Domain.csproj", "{D3AAFE85-6608-43FF-A468-952AFA6C0F4C}"
EndProject
Project("{9A19103F-16F7-4668-BE54-9A1E7A4F7556}") = "CalCalTracker.Persistence.Core", "CalCalTracker.Persistence.Core\CalCalTracker.Persistence.Core.csproj", "{F5C11903-907F-4597-B03B-22DA170053AA}"
EndProject
Project("{9A19103F-16F7-4668-BE54-9A1E7A4F7556}") = "CalCalTracker.Web.Core", "CalCalTracker.Web.Core\CalCalTracker.Web.Core.csproj", "{379E9A61-DBB6-4456-A486-315EC71DE434}"
EndProject
Project("{9A19103F-16F7-4668-BE54-9A1E7A4F7556}") = "CalCalTracker.Infrastructure.Core", "CalCalTracker.Infrastructure.Core\CalCalTracker.Infrastructure.Core.csproj", "{29027C66-E9E8-471F-B373-5E3E1A2938EF}"
EndProject
Project("{FAE04EC0-301F-11D3-BF4B-00C04F79EFBC}") = "CalCalTracker.Infrastructure.Core.Tests", "CalCalTracker.Infrastructure.Core.Tests\CalCalTracker.Infrastructure.Core.Tests.csproj", "{D073B9C3-41EA-4454-B1C3-D1BD293CC0CD}"
EndProject
Project("{FAE04EC0-301F-11D3-BF4B-00C04F79EFBC}") = "CalCalTracker.Infrastructure", "CalCalTracker.Infrastructure\CalCalTracker.Infrastructure.csproj", "{B4D2621A-3C7D-4E98-8B95-2A309A9D1121}"
EndProject
Global
	GlobalSection(SolutionConfigurationPlatforms) = preSolution
		Debug|Any CPU = Debug|Any CPU
		Release|Any CPU = Release|Any CPU
	EndGlobalSection
	GlobalSection(ProjectConfigurationPlatforms) = postSolution
		{D3AAFE85-6608-43FF-A468-952AFA6C0F4C}.Debug|Any CPU.ActiveCfg = Debug|Any CPU
		{D3AAFE85-6608-43FF-A468-952AFA6C0F4C}.Debug|Any CPU.Build.0 = Debug|Any CPU
		{D3AAFE85-6608-43FF-A468-952AFA6C0F4C}.Release|Any CPU.ActiveCfg = Release|Any CPU
		{D3AAFE85-6608-43FF-A468-952AFA6C0F4C}.Release|Any CPU.Build.0 = Release|Any CPU
		{F5C11903-907F-4597-B03B-22DA170053AA}.Debug|Any CPU.ActiveCfg = Debug|Any CPU
		{F5C11903-907F-4597-B03B-22DA170053AA}.Debug|Any CPU.Build.0 = Debug|Any CPU
		{F5C11903-907F-4597-B03B-22DA170053AA}.Release|Any CPU.ActiveCfg = Release|Any CPU
		{F5C11903-907F-4597-B03B-22DA170053AA}.Release|Any CPU.Build.0 = Release|Any CPU
		{379E9A61-DBB6-4456-A486-315EC71DE434}.Debug|Any CPU.ActiveCfg = Debug|Any CPU
		{379E9A61-DBB6-4456-A486-315EC71DE434}.Debug|Any CPU.Build.0 = Debug|Any CPU
		{379E9A61-DBB6-4456-A486-315EC71DE434}.Release|Any CPU.ActiveCfg = Release|Any CPU
		{379E9A61-DBB6-4456-A486-315EC71DE434}.Release|Any CPU.Build.0 = Release|Any CPU
		{29027C66-E9E8-471F-B373-5E3E1A2938EF}.Debug|Any CPU.ActiveCfg = Debug|Any CPU
		{29027C66-E9E8-471F-B373-5E3E1A2938EF}.Debug|Any CPU.Build.0 = Debug|Any CPU
		{29027C66-E9E8-471F-B373-5E3E1A2938EF}.Release|Any CPU.ActiveCfg = Release|Any CPU
		{29027C66-E9E8-471F-B373-5E3E1A2938EF}.Release|Any CPU.Build.0 = Release|Any CPU
		{D073B9C3-41EA-4454-B1C3-D1BD293CC0CD}.Debug|Any CPU.ActiveCfg = Debug|Any CPU
		{D073B9C3-41EA-4454-B1C3-D1BD293CC0CD}.Debug|Any CPU.Build.0 = Debug|Any CPU
		{D073B9C3-41EA-4454-B1C3-D1BD293CC0CD}.Release|Any CPU.ActiveCfg = Release|Any CPU
		{D073B9C3-41EA-4454-B1C3-D1BD293CC0CD}.Release|Any CPU.Build.0 = Release|Any CPU
		{B4D2621A-3C7D-4E98-8B95-2A309A9D1121}.Debug|Any CPU.ActiveCfg = Debug|Any CPU
		{B4D2621A-3C7D-4E98-8B95-2A309A9D1121}.Debug|Any CPU.Build.0 = Debug|Any CPU
		{B4D2621A-3C7D-4E98-8B95-2A309A9D1121}.Release|Any CPU.ActiveCfg = Release|Any CPU
		{B4D2621A-3C7D-4E98-8B95-2A309A9D1121}.Release|Any CPU.Build.0 = Release|Any CPU
	EndGlobalSection
	GlobalSection(SolutionProperties) = preSolution
		HideSolutionNode = FALSE
	EndGlobalSection
	GlobalSection(ExtensibilityGlobals) = postSolution
		SolutionGuid = {EC79241D-BBF6-4A0D-A158-987309069D42}
	EndGlobalSection
EndGlobal
